
Microsoft Visual Studio Solution File, Format Version 12.00
# Visual Studio Version 16
VisualStudioVersion = 16.0.29521.150
MinimumVisualStudioVersion = 10.0.40219.1
Project("{2150E333-8FDC-42A3-9474-1A3956D46DE8}") = "Solution Items", "Solution Items", "{8B2A8A6B-4A7B-47A8-B5AC-2DE9338C789C}"
	ProjectSection(SolutionItems) = preProject
		readme.md = readme.md
	EndProjectSection
EndProject
Project("{9A19103F-16F7-4668-BE54-9A1E7A4F7556}") = "Configuration_Sample", "chapter03_ASP.NET Core 核心组件详解\Configuration_Sample\Configuration_Sample.csproj", "{D981A8AA-CC7A-4102-99F1-B2000777B1E9}"
EndProject
Project("{9A19103F-16F7-4668-BE54-9A1E7A4F7556}") = "Configuration_Sample1", "chapter03_ASP.NET Core 核心组件详解\Configuration_Sample1\Configuration_Sample1.csproj", "{380B32D6-7864-4913-80C3-E2DC8627A99F}"
EndProject
Project("{9A19103F-16F7-4668-BE54-9A1E7A4F7556}") = "DependencyInjection_Console_Sample", "chapter03_ASP.NET Core 核心组件详解\DependencyInjection_Console_Sample\DependencyInjection_Console_Sample.csproj", "{98C8A97B-73E3-4868-8243-8257912E06D9}"
EndProject
Project("{9A19103F-16F7-4668-BE54-9A1E7A4F7556}") = "DependencyInjection_WebAPI_Sample", "chapter03_ASP.NET Core 核心组件详解\DependencyInjection_WebAPI_Sample\DependencyInjection_WebAPI_Sample.csproj", "{13A143F2-0767-4BCB-A2AA-07970074E223}"
EndProject
Project("{9A19103F-16F7-4668-BE54-9A1E7A4F7556}") = "Options_Sample", "chapter03_ASP.NET Core 核心组件详解\Options_Sample\Options_Sample.csproj", "{787EA8EF-0D8B-4715-AEB2-526E49A2B23D}"
EndProject
Project("{9A19103F-16F7-4668-BE54-9A1E7A4F7556}") = "MyNetCoreMVC", "chapter04_基于 MVC 设计模式的 Web 应用\MyNetCoreMVC.csproj", "{1549C679-DDA7-4AE0-865D-AF1EA436C8F5}"
EndProject
Project("{9A19103F-16F7-4668-BE54-9A1E7A4F7556}") = "MyNetCoreAPI", "chapter05_基于 ASP.NET Core 的 WebAPI\MyNetCoreAPI.csproj", "{0D0760CD-C73A-4A71-8F25-FDF12DFC24A1}"
EndProject
Project("{9A19103F-16F7-4668-BE54-9A1E7A4F7556}") = "Database", "chapter06_ASP.NET Core 中的数据库访问\Database.csproj", "{5AE0BEE2-963A-4D1D-95FB-D1AFDFEB8F6C}"
EndProject
Project("{9A19103F-16F7-4668-BE54-9A1E7A4F7556}") = "Chapter07_Samples", "chapter07_第7章安全与身份认证\Chapter07_Samples.csproj", "{B5C27CD6-4F44-42DA-85FF-8EFE91F9C900}"
EndProject
Project("{9A19103F-16F7-4668-BE54-9A1E7A4F7556}") = "BlazorApp_Sample", "chapter09_基于 Blazor 的 Web 客户端技术\BlazorApp_Sample\BlazorApp_Sample.csproj", "{4ED47B3F-B5FD-454C-AEBC-05985F9B78A0}"
EndProject
Project("{9A19103F-16F7-4668-BE54-9A1E7A4F7556}") = "BlazorServerApp_Sample", "chapter09_基于 Blazor 的 Web 客户端技术\BlazorServerApp_Sample\BlazorServerApp_Sample.csproj", "{7920B64C-09EB-442B-8BEB-4D7BFB530B59}"
EndProject
Project("{9A19103F-16F7-4668-BE54-9A1E7A4F7556}") = "MyComponents", "chapter09_基于 Blazor 的 Web 客户端技术\MyComponents\MyComponents.csproj", "{FB746080-8A8A-4736-BD30-1EE3D25D9934}"
EndProject
Project("{2150E333-8FDC-42A3-9474-1A3956D46DE8}") = "chapter03", "chapter03", "{6A8B33B0-6FB1-4644-9AA2-D9514542C34C}"
EndProject
Project("{2150E333-8FDC-42A3-9474-1A3956D46DE8}") = "chapter04", "chapter04", "{11F12940-D875-4365-8BDE-A38AB885DCD2}"
EndProject
Project("{2150E333-8FDC-42A3-9474-1A3956D46DE8}") = "chapter05", "chapter05", "{B3E3733D-11B7-48A3-ABDF-36AD041992F9}"
EndProject
Project("{2150E333-8FDC-42A3-9474-1A3956D46DE8}") = "chapter06", "chapter06", "{B332C85E-6174-442D-89D9-D3E93369FB76}"
EndProject
Project("{2150E333-8FDC-42A3-9474-1A3956D46DE8}") = "chapter07", "chapter07", "{2B1B6776-1AEE-4120-AF7D-1E91DF4B721A}"
EndProject
Project("{2150E333-8FDC-42A3-9474-1A3956D46DE8}") = "chapter08", "chapter08", "{0065E8A6-AB5C-4256-AA34-FB916B98649C}"
EndProject
Project("{2150E333-8FDC-42A3-9474-1A3956D46DE8}") = "chapter09", "chapter09", "{FC419AD5-E0F9-4207-BBBA-13F322B8B22A}"
EndProject
Project("{2150E333-8FDC-42A3-9474-1A3956D46DE8}") = "chapter10", "chapter10", "{112AA98F-60B7-4CD6-A539-9DACD8D0A6EC}"
EndProject
Project("{9A19103F-16F7-4668-BE54-9A1E7A4F7556}") = "Logging_Sample", "chapter10_日志与监控\Logging_Sample\Logging_Sample.csproj", "{97BE3616-3030-4B5D-B2CC-AE457E027E05}"
EndProject
Project("{2150E333-8FDC-42A3-9474-1A3956D46DE8}") = "chapter11", "chapter11", "{0BA1D344-C0F7-45BB-8311-59F4911115A7}"
EndProject
Project("{2150E333-8FDC-42A3-9474-1A3956D46DE8}") = "chapter13", "chapter13", "{3B5D56C2-FDCA-47A8-9760-A462222D393E}"
EndProject
Project("{2150E333-8FDC-42A3-9474-1A3956D46DE8}") = "chapter14", "chapter14", "{03190946-C3BF-4732-9224-75EA34A55EF6}"
EndProject
Project("{9A19103F-16F7-4668-BE54-9A1E7A4F7556}") = "GrpcClient_Sample", "chapter11_远程调用\GrpcClient_Sample\GrpcClient_Sample.csproj", "{3779B884-6256-4A12-8EBC-9A278DD5EA5A}"
EndProject
Project("{9A19103F-16F7-4668-BE54-9A1E7A4F7556}") = "GrpcServer_Sample", "chapter11_远程调用\GrpcServer_Sample\GrpcServer_Sample.csproj", "{5B6DE8A7-CE6F-44F2-90A5-BB2A80C07622}"
EndProject
Project("{9A19103F-16F7-4668-BE54-9A1E7A4F7556}") = "HttpClientFactory_Sample", "chapter11_远程调用\HttpClientFactory_Sample\HttpClientFactory_Sample.csproj", "{AAEF1F14-7A65-4181-BA38-4002BDFE9E8C}"
EndProject
Project("{9A19103F-16F7-4668-BE54-9A1E7A4F7556}") = "Chapter13_Samples", "chapter13_ASP.NET Core高级内容\Chapter13_Samples.csproj", "{50FE62C4-B2FD-49B3-9994-9502668D1F2F}"
EndProject
Project("{9A19103F-16F7-4668-BE54-9A1E7A4F7556}") = "ONNX_Sample", "chapter14_结合ML.NET实现机器学习应用\ONNX_Sample.csproj", "{740EBCE9-960D-4436-83F2-E36D1A3B8248}"
EndProject
Project("{9A19103F-16F7-4668-BE54-9A1E7A4F7556}") = "SignalRJavaScriptDemo", "chapter08_基于 SignalR 开发实时通信应用\SignalRJavaScriptDemo.csproj", "{C79224AC-0E15-43EB-8B88-31007EC6F5E0}"
EndProject
Global
	GlobalSection(SolutionConfigurationPlatforms) = preSolution
		Debug|Any CPU = Debug|Any CPU
		Release|Any CPU = Release|Any CPU
	EndGlobalSection
	GlobalSection(ProjectConfigurationPlatforms) = postSolution
		{D981A8AA-CC7A-4102-99F1-B2000777B1E9}.Debug|Any CPU.ActiveCfg = Debug|Any CPU
		{D981A8AA-CC7A-4102-99F1-B2000777B1E9}.Debug|Any CPU.Build.0 = Debug|Any CPU
		{D981A8AA-CC7A-4102-99F1-B2000777B1E9}.Release|Any CPU.ActiveCfg = Release|Any CPU
		{D981A8AA-CC7A-4102-99F1-B2000777B1E9}.Release|Any CPU.Build.0 = Release|Any CPU
		{380B32D6-7864-4913-80C3-E2DC8627A99F}.Debug|Any CPU.ActiveCfg = Debug|Any CPU
		{380B32D6-7864-4913-80C3-E2DC8627A99F}.Debug|Any CPU.Build.0 = Debug|Any CPU
		{380B32D6-7864-4913-80C3-E2DC8627A99F}.Release|Any CPU.ActiveCfg = Release|Any CPU
		{380B32D6-7864-4913-80C3-E2DC8627A99F}.Release|Any CPU.Build.0 = Release|Any CPU
		{98C8A97B-73E3-4868-8243-8257912E06D9}.Debug|Any CPU.ActiveCfg = Debug|Any CPU
		{98C8A97B-73E3-4868-8243-8257912E06D9}.Debug|Any CPU.Build.0 = Debug|Any CPU
		{98C8A97B-73E3-4868-8243-8257912E06D9}.Release|Any CPU.ActiveCfg = Release|Any CPU
		{98C8A97B-73E3-4868-8243-8257912E06D9}.Release|Any CPU.Build.0 = Release|Any CPU
		{13A143F2-0767-4BCB-A2AA-07970074E223}.Debug|Any CPU.ActiveCfg = Debug|Any CPU
		{13A143F2-0767-4BCB-A2AA-07970074E223}.Debug|Any CPU.Build.0 = Debug|Any CPU
		{13A143F2-0767-4BCB-A2AA-07970074E223}.Release|Any CPU.ActiveCfg = Release|Any CPU
		{13A143F2-0767-4BCB-A2AA-07970074E223}.Release|Any CPU.Build.0 = Release|Any CPU
		{787EA8EF-0D8B-4715-AEB2-526E49A2B23D}.Debug|Any CPU.ActiveCfg = Debug|Any CPU
		{787EA8EF-0D8B-4715-AEB2-526E49A2B23D}.Debug|Any CPU.Build.0 = Debug|Any CPU
		{787EA8EF-0D8B-4715-AEB2-526E49A2B23D}.Release|Any CPU.ActiveCfg = Release|Any CPU
		{787EA8EF-0D8B-4715-AEB2-526E49A2B23D}.Release|Any CPU.Build.0 = Release|Any CPU
		{1549C679-DDA7-4AE0-865D-AF1EA436C8F5}.Debug|Any CPU.ActiveCfg = Debug|Any CPU
		{1549C679-DDA7-4AE0-865D-AF1EA436C8F5}.Debug|Any CPU.Build.0 = Debug|Any CPU
		{1549C679-DDA7-4AE0-865D-AF1EA436C8F5}.Release|Any CPU.ActiveCfg = Release|Any CPU
		{1549C679-DDA7-4AE0-865D-AF1EA436C8F5}.Release|Any CPU.Build.0 = Release|Any CPU
		{0D0760CD-C73A-4A71-8F25-FDF12DFC24A1}.Debug|Any CPU.ActiveCfg = Debug|Any CPU
		{0D0760CD-C73A-4A71-8F25-FDF12DFC24A1}.Debug|Any CPU.Build.0 = Debug|Any CPU
		{0D0760CD-C73A-4A71-8F25-FDF12DFC24A1}.Release|Any CPU.ActiveCfg = Release|Any CPU
		{0D0760CD-C73A-4A71-8F25-FDF12DFC24A1}.Release|Any CPU.Build.0 = Release|Any CPU
		{5AE0BEE2-963A-4D1D-95FB-D1AFDFEB8F6C}.Debug|Any CPU.ActiveCfg = Debug|Any CPU
		{5AE0BEE2-963A-4D1D-95FB-D1AFDFEB8F6C}.Debug|Any CPU.Build.0 = Debug|Any CPU
		{5AE0BEE2-963A-4D1D-95FB-D1AFDFEB8F6C}.Release|Any CPU.ActiveCfg = Release|Any CPU
		{5AE0BEE2-963A-4D1D-95FB-D1AFDFEB8F6C}.Release|Any CPU.Build.0 = Release|Any CPU
		{B5C27CD6-4F44-42DA-85FF-8EFE91F9C900}.Debug|Any CPU.ActiveCfg = Debug|Any CPU
		{B5C27CD6-4F44-42DA-85FF-8EFE91F9C900}.Debug|Any CPU.Build.0 = Debug|Any CPU
		{B5C27CD6-4F44-42DA-85FF-8EFE91F9C900}.Release|Any CPU.ActiveCfg = Release|Any CPU
		{B5C27CD6-4F44-42DA-85FF-8EFE91F9C900}.Release|Any CPU.Build.0 = Release|Any CPU
		{4ED47B3F-B5FD-454C-AEBC-05985F9B78A0}.Debug|Any CPU.ActiveCfg = Debug|Any CPU
		{4ED47B3F-B5FD-454C-AEBC-05985F9B78A0}.Debug|Any CPU.Build.0 = Debug|Any CPU
		{4ED47B3F-B5FD-454C-AEBC-05985F9B78A0}.Release|Any CPU.ActiveCfg = Release|Any CPU
		{4ED47B3F-B5FD-454C-AEBC-05985F9B78A0}.Release|Any CPU.Build.0 = Release|Any CPU
		{7920B64C-09EB-442B-8BEB-4D7BFB530B59}.Debug|Any CPU.ActiveCfg = Debug|Any CPU
		{7920B64C-09EB-442B-8BEB-4D7BFB530B59}.Debug|Any CPU.Build.0 = Debug|Any CPU
		{7920B64C-09EB-442B-8BEB-4D7BFB530B59}.Release|Any CPU.ActiveCfg = Release|Any CPU
		{7920B64C-09EB-442B-8BEB-4D7BFB530B59}.Release|Any CPU.Build.0 = Release|Any CPU
		{FB746080-8A8A-4736-BD30-1EE3D25D9934}.Debug|Any CPU.ActiveCfg = Debug|Any CPU
		{FB746080-8A8A-4736-BD30-1EE3D25D9934}.Debug|Any CPU.Build.0 = Debug|Any CPU
		{FB746080-8A8A-4736-BD30-1EE3D25D9934}.Release|Any CPU.ActiveCfg = Release|Any CPU
		{FB746080-8A8A-4736-BD30-1EE3D25D9934}.Release|Any CPU.Build.0 = Release|Any CPU
		{97BE3616-3030-4B5D-B2CC-AE457E027E05}.Debug|Any CPU.ActiveCfg = Debug|Any CPU
		{97BE3616-3030-4B5D-B2CC-AE457E027E05}.Debug|Any CPU.Build.0 = Debug|Any CPU
		{97BE3616-3030-4B5D-B2CC-AE457E027E05}.Release|Any CPU.ActiveCfg = Release|Any CPU
		{97BE3616-3030-4B5D-B2CC-AE457E027E05}.Release|Any CPU.Build.0 = Release|Any CPU
		{3779B884-6256-4A12-8EBC-9A278DD5EA5A}.Debug|Any CPU.ActiveCfg = Debug|Any CPU
		{3779B884-6256-4A12-8EBC-9A278DD5EA5A}.Debug|Any CPU.Build.0 = Debug|Any CPU
		{3779B884-6256-4A12-8EBC-9A278DD5EA5A}.Release|Any CPU.ActiveCfg = Release|Any CPU
		{3779B884-6256-4A12-8EBC-9A278DD5EA5A}.Release|Any CPU.Build.0 = Release|Any CPU
		{5B6DE8A7-CE6F-44F2-90A5-BB2A80C07622}.Debug|Any CPU.ActiveCfg = Debug|Any CPU
		{5B6DE8A7-CE6F-44F2-90A5-BB2A80C07622}.Debug|Any CPU.Build.0 = Debug|Any CPU
		{5B6DE8A7-CE6F-44F2-90A5-BB2A80C07622}.Release|Any CPU.ActiveCfg = Release|Any CPU
		{5B6DE8A7-CE6F-44F2-90A5-BB2A80C07622}.Release|Any CPU.Build.0 = Release|Any CPU
		{AAEF1F14-7A65-4181-BA38-4002BDFE9E8C}.Debug|Any CPU.ActiveCfg = Debug|Any CPU
		{AAEF1F14-7A65-4181-BA38-4002BDFE9E8C}.Debug|Any CPU.Build.0 = Debug|Any CPU
		{AAEF1F14-7A65-4181-BA38-4002BDFE9E8C}.Release|Any CPU.ActiveCfg = Release|Any CPU
		{AAEF1F14-7A65-4181-BA38-4002BDFE9E8C}.Release|Any CPU.Build.0 = Release|Any CPU
		{50FE62C4-B2FD-49B3-9994-9502668D1F2F}.Debug|Any CPU.ActiveCfg = Debug|Any CPU
		{50FE62C4-B2FD-49B3-9994-9502668D1F2F}.Debug|Any CPU.Build.0 = Debug|Any CPU
		{50FE62C4-B2FD-49B3-9994-9502668D1F2F}.Release|Any CPU.ActiveCfg = Release|Any CPU
		{50FE62C4-B2FD-49B3-9994-9502668D1F2F}.Release|Any CPU.Build.0 = Release|Any CPU
		{740EBCE9-960D-4436-83F2-E36D1A3B8248}.Debug|Any CPU.ActiveCfg = Debug|Any CPU
		{740EBCE9-960D-4436-83F2-E36D1A3B8248}.Debug|Any CPU.Build.0 = Debug|Any CPU
		{740EBCE9-960D-4436-83F2-E36D1A3B8248}.Release|Any CPU.ActiveCfg = Release|Any CPU
		{740EBCE9-960D-4436-83F2-E36D1A3B8248}.Release|Any CPU.Build.0 = Release|Any CPU
		{C79224AC-0E15-43EB-8B88-31007EC6F5E0}.Debug|Any CPU.ActiveCfg = Debug|Any CPU
		{C79224AC-0E15-43EB-8B88-31007EC6F5E0}.Debug|Any CPU.Build.0 = Debug|Any CPU
		{C79224AC-0E15-43EB-8B88-31007EC6F5E0}.Release|Any CPU.ActiveCfg = Release|Any CPU
		{C79224AC-0E15-43EB-8B88-31007EC6F5E0}.Release|Any CPU.Build.0 = Release|Any CPU
	EndGlobalSection
	GlobalSection(SolutionProperties) = preSolution
		HideSolutionNode = FALSE
	EndGlobalSection
	GlobalSection(NestedProjects) = preSolution
		{D981A8AA-CC7A-4102-99F1-B2000777B1E9} = {6A8B33B0-6FB1-4644-9AA2-D9514542C34C}
		{380B32D6-7864-4913-80C3-E2DC8627A99F} = {6A8B33B0-6FB1-4644-9AA2-D9514542C34C}
		{98C8A97B-73E3-4868-8243-8257912E06D9} = {6A8B33B0-6FB1-4644-9AA2-D9514542C34C}
		{13A143F2-0767-4BCB-A2AA-07970074E223} = {6A8B33B0-6FB1-4644-9AA2-D9514542C34C}
		{787EA8EF-0D8B-4715-AEB2-526E49A2B23D} = {6A8B33B0-6FB1-4644-9AA2-D9514542C34C}
		{1549C679-DDA7-4AE0-865D-AF1EA436C8F5} = {11F12940-D875-4365-8BDE-A38AB885DCD2}
		{0D0760CD-C73A-4A71-8F25-FDF12DFC24A1} = {B3E3733D-11B7-48A3-ABDF-36AD041992F9}
		{5AE0BEE2-963A-4D1D-95FB-D1AFDFEB8F6C} = {B332C85E-6174-442D-89D9-D3E93369FB76}
		{B5C27CD6-4F44-42DA-85FF-8EFE91F9C900} = {2B1B6776-1AEE-4120-AF7D-1E91DF4B721A}
		{4ED47B3F-B5FD-454C-AEBC-05985F9B78A0} = {FC419AD5-E0F9-4207-BBBA-13F322B8B22A}
		{7920B64C-09EB-442B-8BEB-4D7BFB530B59} = {FC419AD5-E0F9-4207-BBBA-13F322B8B22A}
		{FB746080-8A8A-4736-BD30-1EE3D25D9934} = {FC419AD5-E0F9-4207-BBBA-13F322B8B22A}
		{97BE3616-3030-4B5D-B2CC-AE457E027E05} = {112AA98F-60B7-4CD6-A539-9DACD8D0A6EC}
		{3779B884-6256-4A12-8EBC-9A278DD5EA5A} = {0BA1D344-C0F7-45BB-8311-59F4911115A7}
		{5B6DE8A7-CE6F-44F2-90A5-BB2A80C07622} = {0BA1D344-C0F7-45BB-8311-59F4911115A7}
		{AAEF1F14-7A65-4181-BA38-4002BDFE9E8C} = {0BA1D344-C0F7-45BB-8311-59F4911115A7}
		{50FE62C4-B2FD-49B3-9994-9502668D1F2F} = {3B5D56C2-FDCA-47A8-9760-A462222D393E}
		{740EBCE9-960D-4436-83F2-E36D1A3B8248} = {03190946-C3BF-4732-9224-75EA34A55EF6}
		{C79224AC-0E15-43EB-8B88-31007EC6F5E0} = {0065E8A6-AB5C-4256-AA34-FB916B98649C}
	EndGlobalSection
	GlobalSection(ExtensibilityGlobals) = postSolution
		SolutionGuid = {7E8CFE64-E060-48BB-9410-D4E0BD929527}
	EndGlobalSection
EndGlobal
